
Microsoft Visual Studio Solution File, Format Version 12.00
# Visual Studio Version 16
VisualStudioVersion = 16.0.29424.173
MinimumVisualStudioVersion = 10.0.40219.1
Project("{9A19103F-16F7-4668-BE54-9A1E7A4F7556}") = "HackerNewsApi", "HackerNewsApi\HackerNewsApi.csproj", "{1A7F4CD8-EC0E-4429-B6DF-586608ECC840}"
EndProject
Project("{9A19103F-16F7-4668-BE54-9A1E7A4F7556}") = "HackerNewsApiTests", "HackerNewsApiTests\HackerNewsApiTests.csproj", "{292B2A12-E76B-451B-8B7C-21A71336B6E5}"
EndProject
Global
	GlobalSection(SolutionConfigurationPlatforms) = preSolution
		Debug|Any CPU = Debug|Any CPU
		Release|Any CPU = Release|Any CPU
	EndGlobalSection
	GlobalSection(ProjectConfigurationPlatforms) = postSolution
		{1A7F4CD8-EC0E-4429-B6DF-586608ECC840}.Debug|Any CPU.ActiveCfg = Debug|Any CPU
		{1A7F4CD8-EC0E-4429-B6DF-586608ECC840}.Debug|Any CPU.Build.0 = Debug|Any CPU
		{1A7F4CD8-EC0E-4429-B6DF-586608ECC840}.Release|Any CPU.ActiveCfg = Release|Any CPU
		{1A7F4CD8-EC0E-4429-B6DF-586608ECC840}.Release|Any CPU.Build.0 = Release|Any CPU
		{292B2A12-E76B-451B-8B7C-21A71336B6E5}.Debug|Any CPU.ActiveCfg = Debug|Any CPU
		{292B2A12-E76B-451B-8B7C-21A71336B6E5}.Debug|Any CPU.Build.0 = Debug|Any CPU
		{292B2A12-E76B-451B-8B7C-21A71336B6E5}.Release|Any CPU.ActiveCfg = Release|Any CPU
		{292B2A12-E76B-451B-8B7C-21A71336B6E5}.Release|Any CPU.Build.0 = Release|Any CPU
	EndGlobalSection
	GlobalSection(SolutionProperties) = preSolution
		HideSolutionNode = FALSE
	EndGlobalSection
	GlobalSection(ExtensibilityGlobals) = postSolution
		SolutionGuid = {069FECCB-65BC-44D1-B547-EF38BC59EA19}
	EndGlobalSection
EndGlobal
